
Microsoft Visual Studio Solution File, Format Version 12.00
# Visual Studio Version 17
VisualStudioVersion = 17.3.32901.215
MinimumVisualStudioVersion = 10.0.40219.1
Project("{8BC9CEB8-8B4A-11D0-8D11-00A0C91BC942}") = "Лабораторная работа №4 (Классы)", "Лабораторная работа №4 (Классы)\Лабораторная работа №4 (Классы).vcxproj", "{B1AFC59B-1ED8-4FD3-AF8E-31C9E8554446}"
EndProject
Global
	GlobalSection(SolutionConfigurationPlatforms) = preSolution
		Debug|x64 = Debug|x64
		Debug|x86 = Debug|x86
		Release|x64 = Release|x64
		Release|x86 = Release|x86
	EndGlobalSection
	GlobalSection(ProjectConfigurationPlatforms) = postSolution
		{B1AFC59B-1ED8-4FD3-AF8E-31C9E8554446}.Debug|x64.ActiveCfg = Debug|x64
		{B1AFC59B-1ED8-4FD3-AF8E-31C9E8554446}.Debug|x64.Build.0 = Debug|x64
		{B1AFC59B-1ED8-4FD3-AF8E-31C9E8554446}.Debug|x86.ActiveCfg = Debug|Win32
		{B1AFC59B-1ED8-4FD3-AF8E-31C9E8554446}.Debug|x86.Build.0 = Debug|Win32
		{B1AFC59B-1ED8-4FD3-AF8E-31C9E8554446}.Release|x64.ActiveCfg = Release|x64
		{B1AFC59B-1ED8-4FD3-AF8E-31C9E8554446}.Release|x64.Build.0 = Release|x64
		{B1AFC59B-1ED8-4FD3-AF8E-31C9E8554446}.Release|x86.ActiveCfg = Release|Win32
		{B1AFC59B-1ED8-4FD3-AF8E-31C9E8554446}.Release|x86.Build.0 = Release|Win32
	EndGlobalSection
	GlobalSection(SolutionProperties) = preSolution
		HideSolutionNode = FALSE
	EndGlobalSection
	GlobalSection(ExtensibilityGlobals) = postSolution
		SolutionGuid = {E94395E1-4C94-4279-B118-CB2BD510631F}
	EndGlobalSection
EndGlobal
